// !$*UTF8*$!
{
	archiveVersion = 1;
	classes = {
	};
	objectVersion = 46;
	objects = {

/* Begin PBXBuildFile section */
		98D036D51F60D81200A34ADE /* main.m in Sources */ = {isa = PBXBuildFile; fileRef = 98D036D41F60D81200A34ADE /* main.m */; };
		98D036D81F60D81200A34ADE /* AppDelegate.m in Sources */ = {isa = PBXBuildFile; fileRef = 98D036D71F60D81200A34ADE /* AppDelegate.m */; };
		98D036DB1F60D81200A34ADE /* ViewController.m in Sources */ = {isa = PBXBuildFile; fileRef = 98D036DA1F60D81200A34ADE /* ViewController.m */; };
		98D036DE1F60D81200A34ADE /* Main.storyboard in Resources */ = {isa = PBXBuildFile; fileRef = 98D036DC1F60D81200A34ADE /* Main.storyboard */; };
		98D036E01F60D81200A34ADE /* Assets.xcassets in Resources */ = {isa = PBXBuildFile; fileRef = 98D036DF1F60D81200A34ADE /* Assets.xcassets */; };
		98D036E31F60D81200A34ADE /* LaunchScreen.storyboard in Resources */ = {isa = PBXBuildFile; fileRef = 98D036E11F60D81200A34ADE /* LaunchScreen.storyboard */; };
		98D036EE1F60D81300A34ADE /* myFirstTableViewTests.m in Sources */ = {isa = PBXBuildFile; fileRef = 98D036ED1F60D81300A34ADE /* myFirstTableViewTests.m */; };
		98D036F91F60D81300A34ADE /* myFirstTableViewUITests.m in Sources */ = {isa = PBXBuildFile; fileRef = 98D036F81F60D81300A34ADE /* myFirstTableViewUITests.m */; };
/* End PBXBuildFile section */

/* Begin PBXContainerItemProxy section */
		98D036EA1F60D81300A34ADE /* PBXContainerItemProxy */ = {
			isa = PBXContainerItemProxy;
			containerPortal = 98D036C81F60D81200A34ADE /* Project object */;
			proxyType = 1;
			remoteGlobalIDString = 98D036CF1F60D81200A34ADE;
			remoteInfo = myFirstTableView;
		};
		98D036F51F60D81300A34ADE /* PBXContainerItemProxy */ = {
			isa = PBXContainerItemProxy;
			containerPortal = 98D036C81F60D81200A34ADE /* Project object */;
			proxyType = 1;
			remoteGlobalIDString = 98D036CF1F60D81200A34ADE;
			remoteInfo = myFirstTableView;
		};
/* End PBXContainerItemProxy section */

/* Begin PBXFileReference section */
		98D036D01F60D81200A34ADE /* myFirstTableView.app */ = {isa = PBXFileReference; explicitFileType = wrapper.application; includeInIndex = 0; path = myFirstTableView.app; sourceTree = BUILT_PRODUCTS_DIR; };
		98D036D41F60D81200A34ADE /* main.m */ = {isa = PBXFileReference; lastKnownFileType = sourcecode.c.objc; path = main.m; sourceTree = "<group>"; };
		98D036D61F60D81200A34ADE /* AppDelegate.h */ = {isa = PBXFileReference; lastKnownFileType = sourcecode.c.h; path = AppDelegate.h; sourceTree = "<group>"; };
		98D036D71F60D81200A34ADE /* AppDelegate.m */ = {isa = PBXFileReference; lastKnownFileType = sourcecode.c.objc; path = AppDelegate.m; sourceTree = "<group>"; };
		98D036D91F60D81200A34ADE /* ViewController.h */ = {isa = PBXFileReference; lastKnownFileType = sourcecode.c.h; path = ViewController.h; sourceTree = "<group>"; };
		98D036DA1F60D81200A34ADE /* ViewController.m */ = {isa = PBXFileReference; lastKnownFileType = sourcecode.c.objc; path = ViewController.m; sourceTree = "<group>"; };
		98D036DD1F60D81200A34ADE /* Base */ = {isa = PBXFileReference; lastKnownFileType = file.storyboard; name = Base; path = Base.lproj/Main.storyboard; sourceTree = "<group>"; };
		98D036DF1F60D81200A34ADE /* Assets.xcassets */ = {isa = PBXFileReference; lastKnownFileType = folder.assetcatalog; path = Assets.xcassets; sourceTree = "<group>"; };
		98D036E21F60D81200A34ADE /* Base */ = {isa = PBXFileReference; lastKnownFileType = file.storyboard; name = Base; path = Base.lproj/LaunchScreen.storyboard; sourceTree = "<group>"; };
		98D036E41F60D81200A34ADE /* Info.plist */ = {isa = PBXFileReference; lastKnownFileType = text.plist.xml; path = Info.plist; sourceTree = "<group>"; };
		98D036E91F60D81300A34ADE /* myFirstTableViewTests.xctest */ = {isa = PBXFileReference; explicitFileType = wrapper.cfbundle; includeInIndex = 0; path = myFirstTableViewTests.xctest; sourceTree = BUILT_PRODUCTS_DIR; };
		98D036ED1F60D81300A34ADE /* myFirstTableViewTests.m */ = {isa = PBXFileReference; lastKnownFileType = sourcecode.c.objc; path = myFirstTableViewTests.m; sourceTree = "<group>"; };
		98D036EF1F60D81300A34ADE /* Info.plist */ = {isa = PBXFileReference; lastKnownFileType = text.plist.xml; path = Info.plist; sourceTree = "<group>"; };
		98D036F41F60D81300A34ADE /* myFirstTableViewUITests.xctest */ = {isa = PBXFileReference; explicitFileType = wrapper.cfbundle; includeInIndex = 0; path = myFirstTableViewUITests.xctest; sourceTree = BUILT_PRODUCTS_DIR; };
		98D036F81F60D81300A34ADE /* myFirstTableViewUITests.m */ = {isa = PBXFileReference; lastKnownFileType = sourcecode.c.objc; path = myFirstTableViewUITests.m; sourceTree = "<group>"; };
		98D036FA1F60D81300A34ADE /* Info.plist */ = {isa = PBXFileReference; lastKnownFileType = text.plist.xml; path = Info.plist; sourceTree = "<group>"; };
/* End PBXFileReference section */

/* Begin PBXFrameworksBuildPhase section */
		98D036CD1F60D81200A34ADE /* Frameworks */ = {
			isa = PBXFrameworksBuildPhase;
			buildActionMask = 2147483647;
			files = (
			);
			runOnlyForDeploymentPostprocessing = 0;
		};
		98D036E61F60D81300A34ADE /* Frameworks */ = {
			isa = PBXFrameworksBuildPhase;
			buildActionMask = 2147483647;
			files = (
			);
			runOnlyForDeploymentPostprocessing = 0;
		};
		98D036F11F60D81300A34ADE /* Frameworks */ = {
			isa = PBXFrameworksBuildPhase;
			buildActionMask = 2147483647;
			files = (
			);
			runOnlyForDeploymentPostprocessing = 0;
		};
/* End PBXFrameworksBuildPhase section */

/* Begin PBXGroup section */
		98D036C71F60D81200A34ADE = {
			isa = PBXGroup;
			children = (
				98D036D21F60D81200A34ADE /* myFirstTableView */,
				98D036EC1F60D81300A34ADE /* myFirstTableViewTests */,
				98D036F71F60D81300A34ADE /* myFirstTableViewUITests */,
				98D036D11F60D81200A34ADE /* Products */,
			);
			sourceTree = "<group>";
		};
		98D036D11F60D81200A34ADE /* Products */ = {
			isa = PBXGroup;
			children = (
				98D036D01F60D81200A34ADE /* myFirstTableView.app */,
				98D036E91F60D81300A34ADE /* myFirstTableViewTests.xctest */,
				98D036F41F60D81300A34ADE /* myFirstTableViewUITests.xctest */,
			);
			name = Products;
			sourceTree = "<group>";
		};
		98D036D21F60D81200A34ADE /* myFirstTableView */ = {
			isa = PBXGroup;
			children = (
				98D036D61F60D81200A34ADE /* AppDelegate.h */,
				98D036D71F60D81200A34ADE /* AppDelegate.m */,
				98D036D91F60D81200A34ADE /* ViewController.h */,
				98D036DA1F60D81200A34ADE /* ViewController.m */,
				98D036DC1F60D81200A34ADE /* Main.storyboard */,
				98D036DF1F60D81200A34ADE /* Assets.xcassets */,
				98D036E11F60D81200A34ADE /* LaunchScreen.storyboard */,
				98D036E41F60D81200A34ADE /* Info.plist */,
				98D036D31F60D81200A34ADE /* Supporting Files */,
			);
			path = myFirstTableView;
			sourceTree = "<group>";
		};
		98D036D31F60D81200A34ADE /* Supporting Files */ = {
			isa = PBXGroup;
			children = (
				98D036D41F60D81200A34ADE /* main.m */,
			);
			name = "Supporting Files";
			sourceTree = "<group>";
		};
		98D036EC1F60D81300A34ADE /* myFirstTableViewTests */ = {
			isa = PBXGroup;
			children = (
				98D036ED1F60D81300A34ADE /* myFirstTableViewTests.m */,
				98D036EF1F60D81300A34ADE /* Info.plist */,
			);
			path = myFirstTableViewTests;
			sourceTree = "<group>";
		};
		98D036F71F60D81300A34ADE /* myFirstTableViewUITests */ = {
			isa = PBXGroup;
			children = (
				98D036F81F60D81300A34ADE /* myFirstTableViewUITests.m */,
				98D036FA1F60D81300A34ADE /* Info.plist */,
			);
			path = myFirstTableViewUITests;
			sourceTree = "<group>";
		};
/* End PBXGroup section */

/* Begin PBXNativeTarget section */
		98D036CF1F60D81200A34ADE /* myFirstTableView */ = {
			isa = PBXNativeTarget;
			buildConfigurationList = 98D036FD1F60D81300A34ADE /* Build configuration list for PBXNativeTarget "myFirstTableView" */;
			buildPhases = (
				98D036CC1F60D81200A34ADE /* Sources */,
				98D036CD1F60D81200A34ADE /* Frameworks */,
				98D036CE1F60D81200A34ADE /* Resources */,
			);
			buildRules = (
			);
			dependencies = (
			);
			name = myFirstTableView;
			productName = myFirstTableView;
			productReference = 98D036D01F60D81200A34ADE /* myFirstTableView.app */;
			productType = "com.apple.product-type.application";
		};
		98D036E81F60D81300A34ADE /* myFirstTableViewTests */ = {
			isa = PBXNativeTarget;
			buildConfigurationList = 98D037001F60D81300A34ADE /* Build configuration list for PBXNativeTarget "myFirstTableViewTests" */;
			buildPhases = (
				98D036E51F60D81300A34ADE /* Sources */,
				98D036E61F60D81300A34ADE /* Frameworks */,
				98D036E71F60D81300A34ADE /* Resources */,
			);
			buildRules = (
			);
			dependencies = (
				98D036EB1F60D81300A34ADE /* PBXTargetDependency */,
			);
			name = myFirstTableViewTests;
			productName = myFirstTableViewTests;
			productReference = 98D036E91F60D81300A34ADE /* myFirstTableViewTests.xctest */;
			productType = "com.apple.product-type.bundle.unit-test";
		};
		98D036F31F60D81300A34ADE /* myFirstTableViewUITests */ = {
			isa = PBXNativeTarget;
			buildConfigurationList = 98D037031F60D81300A34ADE /* Build configuration list for PBXNativeTarget "myFirstTableViewUITests" */;
			buildPhases = (
				98D036F01F60D81300A34ADE /* Sources */,
				98D036F11F60D81300A34ADE /* Frameworks */,
				98D036F21F60D81300A34ADE /* Resources */,
			);
			buildRules = (
			);
			dependencies = (
				98D036F61F60D81300A34ADE /* PBXTargetDependency */,
			);
			name = myFirstTableViewUITests;
			productName = myFirstTableViewUITests;
			productReference = 98D036F41F60D81300A34ADE /* myFirstTableViewUITests.xctest */;
			productType = "com.apple.product-type.bundle.ui-testing";
		};
/* End PBXNativeTarget section */

/* Begin PBXProject section */
		98D036C81F60D81200A34ADE /* Project object */ = {
			isa = PBXProject;
			attributes = {
				LastUpgradeCheck = 0830;
				ORGANIZATIONNAME = "Wenting Ruan";
				TargetAttributes = {
					98D036CF1F60D81200A34ADE = {
						CreatedOnToolsVersion = 8.3.3;
						ProvisioningStyle = Automatic;
					};
					98D036E81F60D81300A34ADE = {
						CreatedOnToolsVersion = 8.3.3;
						ProvisioningStyle = Automatic;
						TestTargetID = 98D036CF1F60D81200A34ADE;
					};
					98D036F31F60D81300A34ADE = {
						CreatedOnToolsVersion = 8.3.3;
						ProvisioningStyle = Automatic;
						TestTargetID = 98D036CF1F60D81200A34ADE;
					};
				};
			};
			buildConfigurationList = 98D036CB1F60D81200A34ADE /* Build configuration list for PBXProject "myFirstTableView" */;
			compatibilityVersion = "Xcode 3.2";
			developmentRegion = English;
			hasScannedForEncodings = 0;
			knownRegions = (
				en,
				Base,
			);
			mainGroup = 98D036C71F60D81200A34ADE;
			productRefGroup = 98D036D11F60D81200A34ADE /* Products */;
			projectDirPath = "";
			projectRoot = "";
			targets = (
				98D036CF1F60D81200A34ADE /* myFirstTableView */,
				98D036E81F60D81300A34ADE /* myFirstTableViewTests */,
				98D036F31F60D81300A34ADE /* myFirstTableViewUITests */,
			);
		};
/* End PBXProject section */

/* Begin PBXResourcesBuildPhase section */
		98D036CE1F60D81200A34ADE /* Resources */ = {
			isa = PBXResourcesBuildPhase;
			buildActionMask = 2147483647;
			files = (
				98D036E31F60D81200A34ADE /* LaunchScreen.storyboard in Resources */,
				98D036E01F60D81200A34ADE /* Assets.xcassets in Resources */,
				98D036DE1F60D81200A34ADE /* Main.storyboard in Resources */,
			);
			runOnlyForDeploymentPostprocessing = 0;
		};
		98D036E71F60D81300A34ADE /* Resources */ = {
			isa = PBXResourcesBuildPhase;
			buildActionMask = 2147483647;
			files = (
			);
			runOnlyForDeploymentPostprocessing = 0;
		};
		98D036F21F60D81300A34ADE /* Resources */ = {
			isa = PBXResourcesBuildPhase;
			buildActionMask = 2147483647;
			files = (
			);
			runOnlyForDeploymentPostprocessing = 0;
		};
/* End PBXResourcesBuildPhase section */

/* Begin PBXSourcesBuildPhase section */
		98D036CC1F60D81200A34ADE /* Sources */ = {
			isa = PBXSourcesBuildPhase;
			buildActionMask = 2147483647;
			files = (
				98D036DB1F60D81200A34ADE /* ViewController.m in Sources */,
				98D036D81F60D81200A34ADE /* AppDelegate.m in Sources */,
				98D036D51F60D81200A34ADE /* main.m in Sources */,
			);
			runOnlyForDeploymentPostprocessing = 0;
		};
		98D036E51F60D81300A34ADE /* Sources */ = {
			isa = PBXSourcesBuildPhase;
			buildActionMask = 2147483647;
			files = (
				98D036EE1F60D81300A34ADE /* myFirstTableViewTests.m in Sources */,
			);
			runOnlyForDeploymentPostprocessing = 0;
		};
		98D036F01F60D81300A34ADE /* Sources */ = {
			isa = PBXSourcesBuildPhase;
			buildActionMask = 2147483647;
			files = (
				98D036F91F60D81300A34ADE /* myFirstTableViewUITests.m in Sources */,
			);
			runOnlyForDeploymentPostprocessing = 0;
		};
/* End PBXSourcesBuildPhase section */

/* Begin PBXTargetDependency section */
		98D036EB1F60D81300A34ADE /* PBXTargetDependency */ = {
			isa = PBXTargetDependency;
			target = 98D036CF1F60D81200A34ADE /* myFirstTableView */;
			targetProxy = 98D036EA1F60D81300A34ADE /* PBXContainerItemProxy */;
		};
		98D036F61F60D81300A34ADE /* PBXTargetDependency */ = {
			isa = PBXTargetDependency;
			target = 98D036CF1F60D81200A34ADE /* myFirstTableView */;
			targetProxy = 98D036F51F60D81300A34ADE /* PBXContainerItemProxy */;
		};
/* End PBXTargetDependency section */

/* Begin PBXVariantGroup section */
		98D036DC1F60D81200A34ADE /* Main.storyboard */ = {
			isa = PBXVariantGroup;
			children = (
				98D036DD1F60D81200A34ADE /* Base */,
			);
			name = Main.storyboard;
			sourceTree = "<group>";
		};
		98D036E11F60D81200A34ADE /* LaunchScreen.storyboard */ = {
			isa = PBXVariantGroup;
			children = (
				98D036E21F60D81200A34ADE /* Base */,
			);
			name = LaunchScreen.storyboard;
			sourceTree = "<group>";
		};
/* End PBXVariantGroup section */

/* Begin XCBuildConfiguration section */
		98D036FB1F60D81300A34ADE /* Debug */ = {
			isa = XCBuildConfiguration;
			buildSettings = {
				ALWAYS_SEARCH_USER_PATHS = NO;
				CLANG_ANALYZER_NONNULL = YES;
				CLANG_ANALYZER_NUMBER_OBJECT_CONVERSION = YES_AGGRESSIVE;
				CLANG_CXX_LANGUAGE_STANDARD = "gnu++0x";
				CLANG_CXX_LIBRARY = "libc++";
				CLANG_ENABLE_MODULES = YES;
				CLANG_ENABLE_OBJC_ARC = YES;
				CLANG_WARN_BOOL_CONVERSION = YES;
				CLANG_WARN_CONSTANT_CONVERSION = YES;
				CLANG_WARN_DIRECT_OBJC_ISA_USAGE = YES_ERROR;
				CLANG_WARN_DOCUMENTATION_COMMENTS = YES;
				CLANG_WARN_EMPTY_BODY = YES;
				CLANG_WARN_ENUM_CONVERSION = YES;
				CLANG_WARN_INFINITE_RECURSION = YES;
				CLANG_WARN_INT_CONVERSION = YES;
				CLANG_WARN_OBJC_ROOT_CLASS = YES_ERROR;
				CLANG_WARN_SUSPICIOUS_MOVE = YES;
				CLANG_WARN_UNREACHABLE_CODE = YES;
				CLANG_WARN__DUPLICATE_METHOD_MATCH = YES;
				"CODE_SIGN_IDENTITY[sdk=iphoneos*]" = "iPhone Developer";
				COPY_PHASE_STRIP = NO;
				DEBUG_INFORMATION_FORMAT = dwarf;
				ENABLE_STRICT_OBJC_MSGSEND = YES;
				ENABLE_TESTABILITY = YES;
				GCC_C_LANGUAGE_STANDARD = gnu99;
				GCC_DYNAMIC_NO_PIC = NO;
				GCC_NO_COMMON_BLOCKS = YES;
				GCC_OPTIMIZATION_LEVEL = 0;
				GCC_PREPROCESSOR_DEFINITIONS = (
					"DEBUG=1",
					"$(inherited)",
				);
				GCC_WARN_64_TO_32_BIT_CONVERSION = YES;
				GCC_WARN_ABOUT_RETURN_TYPE = YES_ERROR;
				GCC_WARN_UNDECLARED_SELECTOR = YES;
				GCC_WARN_UNINITIALIZED_AUTOS = YES_AGGRESSIVE;
				GCC_WARN_UNUSED_FUNCTION = YES;
				GCC_WARN_UNUSED_VARIABLE = YES;
				IPHONEOS_DEPLOYMENT_TARGET = 10.3;
				MTL_ENABLE_DEBUG_INFO = YES;
				ONLY_ACTIVE_ARCH = YES;
				SDKROOT = iphoneos;
				TARGETED_DEVICE_FAMILY = "1,2";
			};
			name = Debug;
		};
		98D036FC1F60D81300A34ADE /* Release */ = {
			isa = XCBuildConfiguration;
			buildSettings = {
				ALWAYS_SEARCH_USER_PATHS = NO;
				CLANG_ANALYZER_NONNULL = YES;
				CLANG_ANALYZER_NUMBER_OBJECT_CONVERSION = YES_AGGRESSIVE;
				CLANG_CXX_LANGUAGE_STANDARD = "gnu++0x";
				CLANG_CXX_LIBRARY = "libc++";
				CLANG_ENABLE_MODULES = YES;
				CLANG_ENABLE_OBJC_ARC = YES;
				CLANG_WARN_BOOL_CONVERSION = YES;
				CLANG_WARN_CONSTANT_CONVERSION = YES;
				CLANG_WARN_DIRECT_OBJC_ISA_USAGE = YES_ERROR;
				CLANG_WARN_DOCUMENTATION_COMMENTS = YES;
				CLANG_WARN_EMPTY_BODY = YES;
				CLANG_WARN_ENUM_CONVERSION = YES;
				CLANG_WARN_INFINITE_RECURSION = YES;
				CLANG_WARN_INT_CONVERSION = YES;
				CLANG_WARN_OBJC_ROOT_CLASS = YES_ERROR;
				CLANG_WARN_SUSPICIOUS_MOVE = YES;
				CLANG_WARN_UNREACHABLE_CODE = YES;
				CLANG_WARN__DUPLICATE_METHOD_MATCH = YES;
				"CODE_SIGN_IDENTITY[sdk=iphoneos*]" = "iPhone Developer";
				COPY_PHASE_STRIP = NO;
				DEBUG_INFORMATION_FORMAT = "dwarf-with-dsym";
				ENABLE_NS_ASSERTIONS = NO;
				ENABLE_STRICT_OBJC_MSGSEND = YES;
				GCC_C_LANGUAGE_STANDARD = gnu99;
				GCC_NO_COMMON_BLOCKS = YES;
				GCC_WARN_64_TO_32_BIT_CONVERSION = YES;
				GCC_WARN_ABOUT_RETURN_TYPE = YES_ERROR;
				GCC_WARN_UNDECLARED_SELECTOR = YES;
				GCC_WARN_UNINITIALIZED_AUTOS = YES_AGGRESSIVE;
				GCC_WARN_UNUSED_FUNCTION = YES;
				GCC_WARN_UNUSED_VARIABLE = YES;
				IPHONEOS_DEPLOYMENT_TARGET = 10.3;
				MTL_ENABLE_DEBUG_INFO = NO;
				SDKROOT = iphoneos;
				TARGETED_DEVICE_FAMILY = "1,2";
				VALIDATE_PRODUCT = YES;
			};
			name = Release;
		};
		98D036FE1F60D81300A34ADE /* Debug */ = {
			isa = XCBuildConfiguration;
			buildSettings = {
				ASSETCATALOG_COMPILER_APPICON_NAME = AppIcon;
				INFOPLIST_FILE = myFirstTableView/Info.plist;
				LD_RUNPATH_SEARCH_PATHS = "$(inherited) @executable_path/Frameworks";
				PRODUCT_BUNDLE_IDENTIFIER = "Wenting-Ruan.myFirstTableView";
				PRODUCT_NAME = "$(TARGET_NAME)";
			};
			name = Debug;
		};
		98D036FF1F60D81300A34ADE /* Release */ = {
			isa = XCBuildConfiguration;
			buildSettings = {
				ASSETCATALOG_COMPILER_APPICON_NAME = AppIcon;
				INFOPLIST_FILE = myFirstTableView/Info.plist;
				LD_RUNPATH_SEARCH_PATHS = "$(inherited) @executable_path/Frameworks";
				PRODUCT_BUNDLE_IDENTIFIER = "Wenting-Ruan.myFirstTableView";
				PRODUCT_NAME = "$(TARGET_NAME)";
			};
			name = Release;
		};
		98D037011F60D81300A34ADE /* Debug */ = {
			isa = XCBuildConfiguration;
			buildSettings = {
				BUNDLE_LOADER = "$(TEST_HOST)";
				INFOPLIST_FILE = myFirstTableViewTests/Info.plist;
				LD_RUNPATH_SEARCH_PATHS = "$(inherited) @executable_path/Frameworks @loader_path/Frameworks";
				PRODUCT_BUNDLE_IDENTIFIER = "Wenting-Ruan.myFirstTableViewTests";
				PRODUCT_NAME = "$(TARGET_NAME)";
				TEST_HOST = "$(BUILT_PRODUCTS_DIR)/myFirstTableView.app/myFirstTableView";
			};
			name = Debug;
		};
		98D037021F60D81300A34ADE /* Release */ = {
			isa = XCBuildConfiguration;
			buildSettings = {
				BUNDLE_LOADER = "$(TEST_HOST)";
				INFOPLIST_FILE = myFirstTableViewTests/Info.plist;
				LD_RUNPATH_SEARCH_PATHS = "$(inherited) @executable_path/Frameworks @loader_path/Frameworks";
				PRODUCT_BUNDLE_IDENTIFIER = "Wenting-Ruan.myFirstTableViewTests";
				PRODUCT_NAME = "$(TARGET_NAME)";
				TEST_HOST = "$(BUILT_PRODUCTS_DIR)/myFirstTableView.app/myFirstTableView";
			};
			name = Release;
		};
		98D037041F60D81300A34ADE /* Debug */ = {
			isa = XCBuildConfiguration;
			buildSettings = {
				INFOPLIST_FILE = myFirstTableViewUITests/Info.plist;
				LD_RUNPATH_SEARCH_PATHS = "$(inherited) @executable_path/Frameworks @loader_path/Frameworks";
				PRODUCT_BUNDLE_IDENTIFIER = "Wenting-Ruan.myFirstTableViewUITests";
				PRODUCT_NAME = "$(TARGET_NAME)";
				TEST_TARGET_NAME = myFirstTableView;
			};
			name = Debug;
		};
		98D037051F60D81300A34ADE /* Release */ = {
			isa = XCBuildConfiguration;
			buildSettings = {
				INFOPLIST_FILE = myFirstTableViewUITests/Info.plist;
				LD_RUNPATH_SEARCH_PATHS = "$(inherited) @executable_path/Frameworks @loader_path/Frameworks";
				PRODUCT_BUNDLE_IDENTIFIER = "Wenting-Ruan.myFirstTableViewUITests";
				PRODUCT_NAME = "$(TARGET_NAME)";
				TEST_TARGET_NAME = myFirstTableView;
			};
			name = Release;
		};
/* End XCBuildConfiguration section */

/* Begin XCConfigurationList section */
		98D036CB1F60D81200A34ADE /* Build configuration list for PBXProject "myFirstTableView" */ = {
			isa = XCConfigurationList;
			buildConfigurations = (
				98D036FB1F60D81300A34ADE /* Debug */,
				98D036FC1F60D81300A34ADE /* Release */,
			);
			defaultConfigurationIsVisible = 0;
			defaultConfigurationName = Release;
		};
		98D036FD1F60D81300A34ADE /* Build configuration list for PBXNativeTarget "myFirstTableView" */ = {
			isa = XCConfigurationList;
			buildConfigurations = (
				98D036FE1F60D81300A34ADE /* Debug */,
				98D036FF1F60D81300A34ADE /* Release */,
			);
			defaultConfigurationIsVisible = 0;
		};
		98D037001F60D81300A34ADE /* Build configuration list for PBXNativeTarget "myFirstTableViewTests" */ = {
			isa = XCConfigurationList;
			buildConfigurations = (
				98D037011F60D81300A34ADE /* Debug */,
				98D037021F60D81300A34ADE /* Release */,
			);
			defaultConfigurationIsVisible = 0;
		};
		98D037031F60D81300A34ADE /* Build configuration list for PBXNativeTarget "myFirstTableViewUITests" */ = {
			isa = XCConfigurationList;
			buildConfigurations = (
				98D037041F60D81300A34ADE /* Debug */,
				98D037051F60D81300A34ADE /* Release */,
			);
			defaultConfigurationIsVisible = 0;
		};
/* End XCConfigurationList section */
	};
	rootObject = 98D036C81F60D81200A34ADE /* Project object */;
}
